
Microsoft Visual Studio Solution File, Format Version 12.00
# Visual Studio Version 16
VisualStudioVersion = 16.0.30907.101
MinimumVisualStudioVersion = 10.0.40219.1
Project("{FAE04EC0-301F-11D3-BF4B-00C04F79EFBC}") = "DotnetFakeDataApp", "DotnetFakeDataApp\DotnetFakeDataApp.csproj", "{66414093-6D39-462F-ABA5-ABA5177F1DA2}"
EndProject
Global
	GlobalSection(SolutionConfigurationPlatforms) = preSolution
		Debug|Any CPU = Debug|Any CPU
		Release|Any CPU = Release|Any CPU
	EndGlobalSection
	GlobalSection(ProjectConfigurationPlatforms) = postSolution
		{66414093-6D39-462F-ABA5-ABA5177F1DA2}.Debug|Any CPU.ActiveCfg = Debug|Any CPU
		{66414093-6D39-462F-ABA5-ABA5177F1DA2}.Debug|Any CPU.Build.0 = Debug|Any CPU
		{66414093-6D39-462F-ABA5-ABA5177F1DA2}.Release|Any CPU.ActiveCfg = Release|Any CPU
		{66414093-6D39-462F-ABA5-ABA5177F1DA2}.Release|Any CPU.Build.0 = Release|Any CPU
	EndGlobalSection
	GlobalSection(SolutionProperties) = preSolution
		HideSolutionNode = FALSE
	EndGlobalSection
	GlobalSection(ExtensibilityGlobals) = postSolution
		SolutionGuid = {58786A8D-6035-4E7A-824B-4CABA185AD46}
	EndGlobalSection
EndGlobal
